
Microsoft Visual Studio Solution File, Format Version 12.00
# Visual Studio 2013
VisualStudioVersion = 12.0.31101.0
MinimumVisualStudioVersion = 10.0.40219.1
Project("{FAE04EC0-301F-11D3-BF4B-00C04F79EFBC}") = "ImageStretcher", "ImageStretcher\ImageStretcher.csproj", "{524FE778-8D52-4648-A514-7F445844BEA7}"
EndProject
Project("{FAE04EC0-301F-11D3-BF4B-00C04F79EFBC}") = "LatexPresentator", "LatexPresentator\LatexPresentator.csproj", "{EE57970D-0733-4763-8A0A-DE505A2DDC71}"
EndProject
Global
	GlobalSection(SolutionConfigurationPlatforms) = preSolution
		Debug|Any CPU = Debug|Any CPU
		Release|Any CPU = Release|Any CPU
	EndGlobalSection
	GlobalSection(ProjectConfigurationPlatforms) = postSolution
		{524FE778-8D52-4648-A514-7F445844BEA7}.Debug|Any CPU.ActiveCfg = Debug|Any CPU
		{524FE778-8D52-4648-A514-7F445844BEA7}.Debug|Any CPU.Build.0 = Debug|Any CPU
		{524FE778-8D52-4648-A514-7F445844BEA7}.Release|Any CPU.ActiveCfg = Release|Any CPU
		{524FE778-8D52-4648-A514-7F445844BEA7}.Release|Any CPU.Build.0 = Release|Any CPU
		{EE57970D-0733-4763-8A0A-DE505A2DDC71}.Debug|Any CPU.ActiveCfg = Debug|Any CPU
		{EE57970D-0733-4763-8A0A-DE505A2DDC71}.Debug|Any CPU.Build.0 = Debug|Any CPU
		{EE57970D-0733-4763-8A0A-DE505A2DDC71}.Release|Any CPU.ActiveCfg = Release|Any CPU
		{EE57970D-0733-4763-8A0A-DE505A2DDC71}.Release|Any CPU.Build.0 = Release|Any CPU
	EndGlobalSection
	GlobalSection(SolutionProperties) = preSolution
		HideSolutionNode = FALSE
	EndGlobalSection
EndGlobal
